
Microsoft Visual Studio Solution File, Format Version 12.00
# Visual Studio Version 16
VisualStudioVersion = 16.0.31205.134
MinimumVisualStudioVersion = 10.0.40219.1
Project("{FAE04EC0-301F-11D3-BF4B-00C04F79EFBC}") = "GitHistoryViewer", "GitHistoryViewer\GitHistoryViewer.csproj", "{BB250B8A-E813-4935-947D-B3732EA05F21}"
EndProject
Global
	GlobalSection(SolutionConfigurationPlatforms) = preSolution
		Debug|Any CPU = Debug|Any CPU
		Release|Any CPU = Release|Any CPU
	EndGlobalSection
	GlobalSection(ProjectConfigurationPlatforms) = postSolution
		{BB250B8A-E813-4935-947D-B3732EA05F21}.Debug|Any CPU.ActiveCfg = Debug|Any CPU
		{BB250B8A-E813-4935-947D-B3732EA05F21}.Debug|Any CPU.Build.0 = Debug|Any CPU
		{BB250B8A-E813-4935-947D-B3732EA05F21}.Release|Any CPU.ActiveCfg = Release|Any CPU
		{BB250B8A-E813-4935-947D-B3732EA05F21}.Release|Any CPU.Build.0 = Release|Any CPU
	EndGlobalSection
	GlobalSection(SolutionProperties) = preSolution
		HideSolutionNode = FALSE
	EndGlobalSection
	GlobalSection(ExtensibilityGlobals) = postSolution
		SolutionGuid = {35F55D75-3C17-4626-BFF9-8C71665EFB84}
	EndGlobalSection
EndGlobal
